
Microsoft Visual Studio Solution File, Format Version 12.00
# Visual Studio Version 17
VisualStudioVersion = 17.11.35208.52
MinimumVisualStudioVersion = 10.0.40219.1
Project("{FAE04EC0-301F-11D3-BF4B-00C04F79EFBC}") = "biedronka", "biedronka\biedronka.csproj", "{7BD69EB4-46E2-42EC-B468-21C15F339C8D}"
EndProject
Global
	GlobalSection(SolutionConfigurationPlatforms) = preSolution
		Debug|Any CPU = Debug|Any CPU
		Release|Any CPU = Release|Any CPU
	EndGlobalSection
	GlobalSection(ProjectConfigurationPlatforms) = postSolution
		{7BD69EB4-46E2-42EC-B468-21C15F339C8D}.Debug|Any CPU.ActiveCfg = Debug|Any CPU
		{7BD69EB4-46E2-42EC-B468-21C15F339C8D}.Debug|Any CPU.Build.0 = Debug|Any CPU
		{7BD69EB4-46E2-42EC-B468-21C15F339C8D}.Release|Any CPU.ActiveCfg = Release|Any CPU
		{7BD69EB4-46E2-42EC-B468-21C15F339C8D}.Release|Any CPU.Build.0 = Release|Any CPU
	EndGlobalSection
	GlobalSection(SolutionProperties) = preSolution
		HideSolutionNode = FALSE
	EndGlobalSection
	GlobalSection(ExtensibilityGlobals) = postSolution
		SolutionGuid = {D42B8B3E-2152-4E6B-84D1-8A9F8AB72A7B}
	EndGlobalSection
EndGlobal
